
Microsoft Visual Studio Solution File, Format Version 12.00
# Visual Studio Version 16
VisualStudioVersion = 16.0.31402.337
MinimumVisualStudioVersion = 10.0.40219.1
Project("{FAE04EC0-301F-11D3-BF4B-00C04F79EFBC}") = "TutoWebApplication1", "TutoWebApplication1\TutoWebApplication1.csproj", "{5DF40B74-E195-4697-88B7-22F9EE29E7CC}"
EndProject
Global
	GlobalSection(SolutionConfigurationPlatforms) = preSolution
		Debug|Any CPU = Debug|Any CPU
		Release|Any CPU = Release|Any CPU
	EndGlobalSection
	GlobalSection(ProjectConfigurationPlatforms) = postSolution
		{5DF40B74-E195-4697-88B7-22F9EE29E7CC}.Debug|Any CPU.ActiveCfg = Debug|Any CPU
		{5DF40B74-E195-4697-88B7-22F9EE29E7CC}.Debug|Any CPU.Build.0 = Debug|Any CPU
		{5DF40B74-E195-4697-88B7-22F9EE29E7CC}.Release|Any CPU.ActiveCfg = Release|Any CPU
		{5DF40B74-E195-4697-88B7-22F9EE29E7CC}.Release|Any CPU.Build.0 = Release|Any CPU
	EndGlobalSection
	GlobalSection(SolutionProperties) = preSolution
		HideSolutionNode = FALSE
	EndGlobalSection
	GlobalSection(ExtensibilityGlobals) = postSolution
		SolutionGuid = {D8B6DADD-5D21-44E1-8C99-7FEEA46EF07D}
	EndGlobalSection
EndGlobal
